
Microsoft Visual Studio Solution File, Format Version 12.00
# Visual Studio 2012
Project("{8BC9CEB8-8B4A-11D0-8D11-00A0C91BC942}") = "studentreqs", "studentreqs\studentreqs.vcxproj", "{7F5F7F28-46E4-40AA-BDB0-8E7DE79C45A9}"
EndProject
Global
	GlobalSection(SolutionConfigurationPlatforms) = preSolution
		Debug|Win32 = Debug|Win32
		Release|Win32 = Release|Win32
	EndGlobalSection
	GlobalSection(ProjectConfigurationPlatforms) = postSolution
		{7F5F7F28-46E4-40AA-BDB0-8E7DE79C45A9}.Debug|Win32.ActiveCfg = Debug|Win32
		{7F5F7F28-46E4-40AA-BDB0-8E7DE79C45A9}.Debug|Win32.Build.0 = Debug|Win32
		{7F5F7F28-46E4-40AA-BDB0-8E7DE79C45A9}.Release|Win32.ActiveCfg = Release|Win32
		{7F5F7F28-46E4-40AA-BDB0-8E7DE79C45A9}.Release|Win32.Build.0 = Release|Win32
	EndGlobalSection
	GlobalSection(SolutionProperties) = preSolution
		HideSolutionNode = FALSE
	EndGlobalSection
EndGlobal
