
Microsoft Visual Studio Solution File, Format Version 12.00
# Visual Studio 2012
Project("{8BC9CEB8-8B4A-11D0-8D11-00A0C91BC942}") = "plain_c", "plain_c\plain_c.vcxproj", "{8ACAED71-4633-4307-A9AF-B50801728E55}"
EndProject
Global
	GlobalSection(SolutionConfigurationPlatforms) = preSolution
		Debug|Win32 = Debug|Win32
		Release|Win32 = Release|Win32
	EndGlobalSection
	GlobalSection(ProjectConfigurationPlatforms) = postSolution
		{8ACAED71-4633-4307-A9AF-B50801728E55}.Debug|Win32.ActiveCfg = Debug|Win32
		{8ACAED71-4633-4307-A9AF-B50801728E55}.Debug|Win32.Build.0 = Debug|Win32
		{8ACAED71-4633-4307-A9AF-B50801728E55}.Release|Win32.ActiveCfg = Release|Win32
		{8ACAED71-4633-4307-A9AF-B50801728E55}.Release|Win32.Build.0 = Release|Win32
	EndGlobalSection
	GlobalSection(SolutionProperties) = preSolution
		HideSolutionNode = FALSE
	EndGlobalSection
EndGlobal
